Microsoft Visual Studio Solution File, Format Version 12.00
# Visual Studio 2013
VisualStudioVersion = 12.0.21005.1
MinimumVisualStudioVersion = 10.0.40219.1
Project("{8BC9CEB8-8B4A-11D0-8D11-00A0C91BC942}") = "CabinetDevice", "CabinetDevice.vcxproj", "{9602E3B9-E3BD-4F39-892F-0057C8E77923}"
EndProject
Global
	GlobalSection(SolutionConfigurationPlatforms) = preSolution
		CabinetDevice|Win32 = CabinetDevice|Win32
		CabinetHost|Win32 = CabinetHost|Win32
	EndGlobalSection
	GlobalSection(ProjectConfigurationPlatforms) = postSolution
		{9602E3B9-E3BD-4F39-892F-0057C8E77923}.CabinetDevice|Win32.ActiveCfg = CabinetDevice|Win32
		{9602E3B9-E3BD-4F39-892F-0057C8E77923}.CabinetDevice|Win32.Build.0 = CabinetDevice|Win32
		{9602E3B9-E3BD-4F39-892F-0057C8E77923}.CabinetHost|Win32.ActiveCfg = CabinetDevice|Win32
		{9602E3B9-E3BD-4F39-892F-0057C8E77923}.CabinetHost|Win32.Build.0 = CabinetDevice|Win32
	EndGlobalSection
	GlobalSection(SolutionProperties) = preSolution
		HideSolutionNode = FALSE
	EndGlobalSection
EndGlobal
