<?xml version="1.0" encoding="utf-8"?>
<Project DefaultTargets="Build" ToolsVersion="4.0" xmlns="http://schemas.microsoft.com/developer/msbuild/2003">
  <ItemGroup>
    <Filter Include="源文件">
      <UniqueIdentifier>{a0a8d17f-bb7a-4e66-915c-74fb6de8b0d3}</UniqueIdentifier>
      <Extensions>cpp;c;cc;cxx;def;odl;idl;hpj;bat;asm;asmx</Extensions>
    </Filter>
    <Filter Include="头文件">
      <UniqueIdentifier>{c6eb5c05-0b86-410e-9dd6-d3e1ae38d1b6}</UniqueIdentifier>
      <Extensions>h;hpp;hxx;hm;inl;inc;xsd</Extensions>
    </Filter>
    <Filter Include="项目说明">
      <UniqueIdentifier>{ffe6ab41-16bb-42e2-b374-2b04fac16c42}</UniqueIdentifier>
      <Extensions>txt</Extensions>
    </Filter>
    <Filter Include="源文件\Source">
      <UniqueIdentifier>{72708c76-4239-4c4a-93a7-344b8d1c5923}</UniqueIdentifier>
    </Filter>
    <Filter Include="源文件\W5500">
      <UniqueIdentifier>{a3154c8b-cde6-4104-bb2b-79c6b1e89420}</UniqueIdentifier>
    </Filter>
    <Filter Include="源文件\System">
      <UniqueIdentifier>{84e731f0-952b-4689-9c18-34029fd1b0bf}</UniqueIdentifier>
    </Filter>
    <Filter Include="源文件\LCD12864">
      <UniqueIdentifier>{ceb925b5-e51b-4d5d-9b0d-3243228aafd5}</UniqueIdentifier>
    </Filter>
    <Filter Include="源文件\LED">
      <UniqueIdentifier>{47134109-4b58-48e9-9f11-9c5a28bc09fc}</UniqueIdentifier>
    </Filter>
    <Filter Include="源文件\::CMSIS">
      <UniqueIdentifier>{ddd3b98c-a951-4513-8b31-3323662ff17b}</UniqueIdentifier>
    </Filter>
    <Filter Include="源文件\::Device">
      <UniqueIdentifier>{7b281cde-6b3a-423e-b58e-8db9e6f6b0d4}</UniqueIdentifier>
    </Filter>
  </ItemGroup>
  <ItemGroup>
    <ClCompile Include="..\Cabinet_Device\STM32F103VET\Source\Retarget.c">
      <Filter>源文件\Source</Filter>
    </ClCompile>
    <ClCompile Include="..\Cabinet_Device\STM32F103VET\Source\stm32f10x_it.c">
      <Filter>源文件\Source</Filter>
    </ClCompile>
    <ClCompile Include="..\Cabinet_Device\STM32F103VET\Source\Main.c">
      <Filter>源文件\Source</Filter>
    </ClCompile>
    <ClCompile Include="..\Cabinet_Device\STM32F103VET\Source\W5500\Ethernet.c">
      <Filter>源文件\W5500</Filter>
    </ClCompile>
    <ClCompile Include="..\Cabinet_Device\STM32F103VET\Source\W5500\Ethernet\socket.c">
      <Filter>源文件\W5500</Filter>
    </ClCompile>
    <ClCompile Include="..\Cabinet_Device\STM32F103VET\Source\W5500\Ethernet\wizchip_conf.c">
      <Filter>源文件\W5500</Filter>
    </ClCompile>
    <ClCompile Include="..\Cabinet_Device\STM32F103VET\Source\W5500\Ethernet\W5500\w5500.c">
      <Filter>源文件\W5500</Filter>
    </ClCompile>
    <ClCompile Include="..\Cabinet_Device\STM32F103VET\Source\W5500\Platform\dma_w5500.c">
      <Filter>源文件\W5500</Filter>
    </ClCompile>
    <ClCompile Include="..\Cabinet_Device\STM32F103VET\Source\W5500\Platform\gpio_w5500.c">
      <Filter>源文件\W5500</Filter>
    </ClCompile>
    <ClCompile Include="..\Cabinet_Device\STM32F103VET\Source\W5500\Platform\spi_w5500.c">
      <Filter>源文件\W5500</Filter>
    </ClCompile>
    <ClCompile Include="..\Cabinet_Device\STM32F103VET\Source\W5500\Platform\uart_w5500.c">
      <Filter>源文件\W5500</Filter>
    </ClCompile>
    <ClCompile Include="..\Cabinet_Device\STM32F103VET\Source\W5500\Platform\timer_w5500.c">
      <Filter>源文件\W5500</Filter>
    </ClCompile>
    <ClCompile Include="..\Cabinet_Device\STM32F103VET\Source\W5500\Application\loopback_server.c">
      <Filter>源文件\W5500</Filter>
    </ClCompile>
    <ClCompile Include="..\Cabinet_Device\STM32F103VET\Source\W5500\Application\loopback_client.c">
      <Filter>源文件\W5500</Filter>
    </ClCompile>
    <ClCompile Include="..\Cabinet_Device\STM32F103VET\Source\W5500\Application\Buffer\PfmBuffer\pfmBuffer.c">
      <Filter>源文件\W5500</Filter>
    </ClCompile>
    <ClCompile Include="..\Cabinet_Device\STM32F103VET\Source\System\Usart\usart1.c">
      <Filter>源文件\System</Filter>
    </ClCompile>
    <ClCompile Include="..\Cabinet_Device\STM32F103VET\Source\System\DMA.c">
      <Filter>源文件\System</Filter>
    </ClCompile>
    <ClCompile Include="..\Cabinet_Device\STM32F103VET\Source\System\NVIC.c">
      <Filter>源文件\System</Filter>
    </ClCompile>
    <ClCompile Include="..\Cabinet_Device\STM32F103VET\Source\System\RCC.c">
      <Filter>源文件\System</Filter>
    </ClCompile>
    <ClCompile Include="..\Cabinet_Device\STM32F103VET\Source\System\Malloc\malloc.c">
      <Filter>源文件\System</Filter>
    </ClCompile>
    <ClCompile Include="..\Cabinet_Device\STM32F103VET\Source\System\Delay\SysTick.c">
      <Filter>源文件\System</Filter>
    </ClCompile>
    <ClCompile Include="..\Cabinet_Device\STM32F103VET\Source\System\SPI\spi2.c">
      <Filter>源文件\System</Filter>
    </ClCompile>
    <ClCompile Include="..\Cabinet_Device\STM32F103VET\Source\System\Timer\timer1.c">
      <Filter>源文件\System</Filter>
    </ClCompile>
    <ClCompile Include="..\Cabinet_Device\STM32F103VET\Source\System\Timer\timer2.c">
      <Filter>源文件\System</Filter>
    </ClCompile>
    <ClCompile Include="..\Cabinet_Device\STM32F103VET\Source\System\Timer\timer3.c">
      <Filter>源文件\System</Filter>
    </ClCompile>
    <ClCompile Include="..\Cabinet_Device\STM32F103VET\Source\System\Timer\timer4.c">
      <Filter>源文件\System</Filter>
    </ClCompile>
    <ClCompile Include="..\Cabinet_Device\STM32F103VET\Source\System\SPI\spi3.c">
      <Filter>源文件\System</Filter>
    </ClCompile>
    <ClCompile Include="..\Cabinet_Device\STM32F103VET\Source\System\SPI\spi1.c">
      <Filter>源文件\System</Filter>
    </ClCompile>
    <ClCompile Include="..\Cabinet_Device\STM32F103VET\Source\System\CAN\can.c">
      <Filter>源文件\System</Filter>
    </ClCompile>
    <ClCompile Include="..\Cabinet_Device\STM32F103VET\Source\LCD12864\LCD12864_gpio.c">
      <Filter>源文件\LCD12864</Filter>
    </ClCompile>
    <ClCompile Include="..\Cabinet_Device\STM32F103VET\Source\GPIO\led.c">
      <Filter>源文件\LED</Filter>
    </ClCompile>
    <ClCompile Include="..\Cabinet_Device\STM32F103VET\Source\GPIO\in.c">
      <Filter>源文件\LED</Filter>
    </ClCompile>
    <ClCompile Include="..\Cabinet_Device\STM32F103VET\Source\GPIO\out.c">
      <Filter>源文件\LED</Filter>
    </ClCompile>
    <ClCompile Include="D:\Program%20Files\Keil_v5\ARM\PACK\Keil\STM32F1xx_DFP\1.0.5\Device\StdPeriph_Driver\src\misc.c">
      <Filter>源文件\::Device</Filter>
    </ClCompile>
    <ClCompile Include="D:\Program%20Files\Keil_v5\ARM\PACK\Keil\STM32F1xx_DFP\1.0.5\Device\StdPeriph_Driver\src\stm32f10x_can.c">
      <Filter>源文件\::Device</Filter>
    </ClCompile>
    <ClCompile Include="D:\Program%20Files\Keil_v5\ARM\PACK\Keil\STM32F1xx_DFP\1.0.5\Device\StdPeriph_Driver\src\stm32f10x_gpio.c">
      <Filter>源文件\::Device</Filter>
    </ClCompile>
    <ClCompile Include="D:\Program%20Files\Keil_v5\ARM\PACK\Keil\STM32F1xx_DFP\1.0.5\Device\StdPeriph_Driver\src\stm32f10x_rcc.c">
      <Filter>源文件\::Device</Filter>
    </ClCompile>
    <ClCompile Include="D:\Program%20Files\Keil_v5\ARM\PACK\Keil\STM32F1xx_DFP\1.0.5\Device\StdPeriph_Driver\src\stm32f10x_spi.c">
      <Filter>源文件\::Device</Filter>
    </ClCompile>
    <ClCompile Include="D:\Program%20Files\Keil_v5\ARM\PACK\Keil\STM32F1xx_DFP\1.0.5\Device\StdPeriph_Driver\src\stm32f10x_usart.c">
      <Filter>源文件\::Device</Filter>
    </ClCompile>
    <ClCompile Include="D:\Program%20Files\Keil_v5\ARM\PACK\Keil\STM32F1xx_DFP\1.0.5\Device\StdPeriph_Driver\src\stm32f10x_wwdg.c">
      <Filter>源文件\::Device</Filter>
    </ClCompile>
    <ClCompile Include="D:\Program%20Files\Keil_v5\ARM\PACK\Keil\STM32F1xx_DFP\1.0.5\Device\StdPeriph_Driver\src\stm32f10x_dma.c">
      <Filter>源文件\::Device</Filter>
    </ClCompile>
    <ClCompile Include="D:\Program%20Files\Keil_v5\ARM\PACK\Keil\STM32F1xx_DFP\1.0.5\Device\StdPeriph_Driver\src\stm32f10x_tim.c">
      <Filter>源文件\::Device</Filter>
    </ClCompile>
    <ClCompile Include="..\Cabinet_Device\STM32F103VET\UV\RTE\Device\STM32F103VE\system_stm32f10x.c">
      <Filter>源文件\::Device</Filter>
    </ClCompile>
    <ClCompile Include="D:\Program%20Files\Keil_v5\ARM\PACK\Keil\STM32F1xx_DFP\1.0.5\Device\StdPeriph_Driver\src\stm32f10x_crc.c">
      <Filter>源文件\::Device</Filter>
    </ClCompile>
    <ClCompile Include="D:\Program%20Files\Keil_v5\ARM\PACK\Keil\STM32F1xx_DFP\1.0.5\Device\StdPeriph_Driver\src\stm32f10x_bkp.c">
      <Filter>源文件\::Device</Filter>
    </ClCompile>
    <ClCompile Include="D:\Program%20Files\Keil_v5\ARM\PACK\Keil\STM32F1xx_DFP\1.0.5\Device\StdPeriph_Driver\src\stm32f10x_pwr.c">
      <Filter>源文件\::Device</Filter>
    </ClCompile>
    <ClCompile Include="D:\Program%20Files\Keil_v5\ARM\PACK\Keil\STM32F1xx_DFP\1.0.5\Device\StdPeriph_Driver\src\stm32f10x_rtc.c">
      <Filter>源文件\::Device</Filter>
    </ClCompile>
    <ClCompile Include="..\Cabinet_Device\STM32F103VET\Source\W5500\Application\Application.c">
      <Filter>源文件\W5500</Filter>
    </ClCompile>
  </ItemGroup>
  <ItemGroup>
    <None Include="..\Cabinet_Device\STM32F103VET\Source\LCD12864\LCD12864P\LCD12864P.C">
      <Filter>源文件\LCD12864</Filter>
    </None>
    <None Include="..\Cabinet_Device\STM32F103VET\Source\LCD12864\LCD12864P\LCD12864P_main.C">
      <Filter>源文件\LCD12864</Filter>
    </None>
    <None Include="..\Cabinet_Device\STM32F103VET\UV\RTE\Device\STM32F103VE\RTE_Device.h">
      <Filter>源文件\::Device</Filter>
    </None>
    <None Include="..\Cabinet_Device\STM32F103VET\UV\RTE\Device\STM32F103VE\startup_stm32f10x_hd.s">
      <Filter>源文件\::Device</Filter>
    </None>
    <None Include="..\Cabinet_Device\STM32F103VET\UV\RTE\Device\STM32F103VE\stm32f10x_conf.h">
      <Filter>源文件\::Device</Filter>
    </None>
    <None Include="Readme.txt">
      <Filter>项目说明</Filter>
    </None>
  </ItemGroup>
</Project>