<?xml version="1.0" encoding="utf-8"?>
<Project DefaultTargets="Build" ToolsVersion="4.0" xmlns="http://schemas.microsoft.com/developer/msbuild/2003">
  <ItemGroup>
    <Filter Include="源文件">
      <UniqueIdentifier>{872bc372-6780-4293-807b-d78b48b0b0a4}</UniqueIdentifier>
      <Extensions>cpp;c;cc;cxx;def;odl;idl;hpj;bat;asm;asmx</Extensions>
    </Filter>
    <Filter Include="头文件">
      <UniqueIdentifier>{ecc7cf4a-9782-4a9b-b2bf-7d8cfd7abfde}</UniqueIdentifier>
      <Extensions>h;hpp;hxx;hm;inl;inc;xsd</Extensions>
    </Filter>
    <Filter Include="项目说明">
      <UniqueIdentifier>{ed1c0e4c-0f7c-4c58-a4f2-b95a1b9eb5fa}</UniqueIdentifier>
      <Extensions>txt</Extensions>
    </Filter>
    <Filter Include="源文件\Main">
      <UniqueIdentifier>{cce9d3b1-c7e3-4bb1-91c4-b443663f2418}</UniqueIdentifier>
    </Filter>
    <Filter Include="源文件\W5500">
      <UniqueIdentifier>{18ccbcb5-292d-405e-b0bb-ec294cd9f9f0}</UniqueIdentifier>
    </Filter>
    <Filter Include="源文件\System">
      <UniqueIdentifier>{e9c70a5f-9a13-482f-b64b-19ee0c9202c1}</UniqueIdentifier>
    </Filter>
    <Filter Include="源文件\LCD12864">
      <UniqueIdentifier>{7636b016-3186-4f75-9459-29d1273b0311}</UniqueIdentifier>
    </Filter>
    <Filter Include="源文件\LED">
      <UniqueIdentifier>{c37a22ab-e3bf-48b6-b55b-e1eee7789bfa}</UniqueIdentifier>
    </Filter>
    <Filter Include="源文件\::CMSIS">
      <UniqueIdentifier>{55f8ad5f-5214-4a34-a374-adfc2e1427ff}</UniqueIdentifier>
    </Filter>
    <Filter Include="源文件\::Device">
      <UniqueIdentifier>{ef75177c-192c-4c3f-9d50-152b353b8250}</UniqueIdentifier>
    </Filter>
  </ItemGroup>
  <ItemGroup>
    <ClCompile Include="..\Source\Retarget.c">
      <Filter>源文件\Main</Filter>
    </ClCompile>
    <ClCompile Include="..\Source\stm32f10x_it.c">
      <Filter>源文件\Main</Filter>
    </ClCompile>
    <ClCompile Include="..\Source\Main.c">
      <Filter>源文件\Main</Filter>
    </ClCompile>
    <ClCompile Include="..\Source\W5500\Ethernet\socket.c">
      <Filter>源文件\W5500</Filter>
    </ClCompile>
    <ClCompile Include="..\Source\W5500\Ethernet\wizchip_conf.c">
      <Filter>源文件\W5500</Filter>
    </ClCompile>
    <ClCompile Include="..\Source\W5500\Ethernet\W5500\w5500.c">
      <Filter>源文件\W5500</Filter>
    </ClCompile>
    <ClCompile Include="..\Source\W5500\Platform\gpio_w5500.c">
      <Filter>源文件\W5500</Filter>
    </ClCompile>
    <ClCompile Include="..\Source\W5500\Application\loopback_server.c">
      <Filter>源文件\W5500</Filter>
    </ClCompile>
    <ClCompile Include="..\Source\W5500\Application\loopback_client.c">
      <Filter>源文件\W5500</Filter>
    </ClCompile>
    <ClCompile Include="..\Source\W5500\Application\Buffer\PfmBuffer\pfmBuffer.c">
      <Filter>源文件\W5500</Filter>
    </ClCompile>
    <ClCompile Include="..\Source\W5500\Application\Application.c">
      <Filter>源文件\W5500</Filter>
    </ClCompile>
    <ClCompile Include="..\Source\System\Usart\usart1.c">
      <Filter>源文件\System</Filter>
    </ClCompile>
    <ClCompile Include="..\Source\System\DMA.c">
      <Filter>源文件\System</Filter>
    </ClCompile>
    <ClCompile Include="..\Source\System\NVIC.c">
      <Filter>源文件\System</Filter>
    </ClCompile>
    <ClCompile Include="..\Source\System\RCC.c">
      <Filter>源文件\System</Filter>
    </ClCompile>
    <ClCompile Include="..\Source\System\Malloc\malloc.c">
      <Filter>源文件\System</Filter>
    </ClCompile>
    <ClCompile Include="..\Source\System\Delay\SysTick.c">
      <Filter>源文件\System</Filter>
    </ClCompile>
    <ClCompile Include="..\Source\System\SPI\spi2.c">
      <Filter>源文件\System</Filter>
    </ClCompile>
    <ClCompile Include="..\Source\System\Timer\timer1.c">
      <Filter>源文件\System</Filter>
    </ClCompile>
    <ClCompile Include="..\Source\System\Timer\timer2.c">
      <Filter>源文件\System</Filter>
    </ClCompile>
    <ClCompile Include="..\Source\System\Timer\timer3.c">
      <Filter>源文件\System</Filter>
    </ClCompile>
    <ClCompile Include="..\Source\System\Timer\timer4.c">
      <Filter>源文件\System</Filter>
    </ClCompile>
    <ClCompile Include="..\Source\System\SPI\spi3.c">
      <Filter>源文件\System</Filter>
    </ClCompile>
    <ClCompile Include="..\Source\System\SPI\spi1.c">
      <Filter>源文件\System</Filter>
    </ClCompile>
    <ClCompile Include="..\Source\System\CRC\crc.c">
      <Filter>源文件\System</Filter>
    </ClCompile>
    <ClCompile Include="..\Source\System\CAN\can1.c">
      <Filter>源文件\System</Filter>
    </ClCompile>
    <ClCompile Include="..\Source\System\SID.c">
      <Filter>源文件\System</Filter>
    </ClCompile>
    <ClCompile Include="..\Source\LCD12864\LCD12864_gpio.c">
      <Filter>源文件\LCD12864</Filter>
    </ClCompile>
    <ClCompile Include="..\Source\GPIO\led.c">
      <Filter>源文件\LED</Filter>
    </ClCompile>
    <ClCompile Include="..\Source\GPIO\in.c">
      <Filter>源文件\LED</Filter>
    </ClCompile>
    <ClCompile Include="..\Source\GPIO\out.c">
      <Filter>源文件\LED</Filter>
    </ClCompile>
    <ClCompile Include="D:\Program%20Files\Keil_v5\ARM\PACK\Keil\STM32F1xx_DFP\1.0.5\Device\StdPeriph_Driver\src\misc.c">
      <Filter>源文件\::Device</Filter>
    </ClCompile>
    <ClCompile Include="D:\Program%20Files\Keil_v5\ARM\PACK\Keil\STM32F1xx_DFP\1.0.5\Device\StdPeriph_Driver\src\stm32f10x_can.c">
      <Filter>源文件\::Device</Filter>
    </ClCompile>
    <ClCompile Include="D:\Program%20Files\Keil_v5\ARM\PACK\Keil\STM32F1xx_DFP\1.0.5\Device\StdPeriph_Driver\src\stm32f10x_gpio.c">
      <Filter>源文件\::Device</Filter>
    </ClCompile>
    <ClCompile Include="D:\Program%20Files\Keil_v5\ARM\PACK\Keil\STM32F1xx_DFP\1.0.5\Device\StdPeriph_Driver\src\stm32f10x_rcc.c">
      <Filter>源文件\::Device</Filter>
    </ClCompile>
    <ClCompile Include="D:\Program%20Files\Keil_v5\ARM\PACK\Keil\STM32F1xx_DFP\1.0.5\Device\StdPeriph_Driver\src\stm32f10x_spi.c">
      <Filter>源文件\::Device</Filter>
    </ClCompile>
    <ClCompile Include="D:\Program%20Files\Keil_v5\ARM\PACK\Keil\STM32F1xx_DFP\1.0.5\Device\StdPeriph_Driver\src\stm32f10x_usart.c">
      <Filter>源文件\::Device</Filter>
    </ClCompile>
    <ClCompile Include="D:\Program%20Files\Keil_v5\ARM\PACK\Keil\STM32F1xx_DFP\1.0.5\Device\StdPeriph_Driver\src\stm32f10x_wwdg.c">
      <Filter>源文件\::Device</Filter>
    </ClCompile>
    <ClCompile Include="D:\Program%20Files\Keil_v5\ARM\PACK\Keil\STM32F1xx_DFP\1.0.5\Device\StdPeriph_Driver\src\stm32f10x_dma.c">
      <Filter>源文件\::Device</Filter>
    </ClCompile>
    <ClCompile Include="D:\Program%20Files\Keil_v5\ARM\PACK\Keil\STM32F1xx_DFP\1.0.5\Device\StdPeriph_Driver\src\stm32f10x_tim.c">
      <Filter>源文件\::Device</Filter>
    </ClCompile>
    <ClCompile Include="..\UV\RTE\Device\STM32F103VE\system_stm32f10x.c">
      <Filter>源文件\::Device</Filter>
    </ClCompile>
    <ClCompile Include="D:\Program%20Files\Keil_v5\ARM\PACK\Keil\STM32F1xx_DFP\1.0.5\Device\StdPeriph_Driver\src\stm32f10x_crc.c">
      <Filter>源文件\::Device</Filter>
    </ClCompile>
    <ClCompile Include="D:\Program%20Files\Keil_v5\ARM\PACK\Keil\STM32F1xx_DFP\1.0.5\Device\StdPeriph_Driver\src\stm32f10x_bkp.c">
      <Filter>源文件\::Device</Filter>
    </ClCompile>
    <ClCompile Include="D:\Program%20Files\Keil_v5\ARM\PACK\Keil\STM32F1xx_DFP\1.0.5\Device\StdPeriph_Driver\src\stm32f10x_pwr.c">
      <Filter>源文件\::Device</Filter>
    </ClCompile>
    <ClCompile Include="D:\Program%20Files\Keil_v5\ARM\PACK\Keil\STM32F1xx_DFP\1.0.5\Device\StdPeriph_Driver\src\stm32f10x_rtc.c">
      <Filter>源文件\::Device</Filter>
    </ClCompile>
    <ClCompile Include="D:\Program%20Files\Keil_v5\ARM\PACK\Keil\STM32F1xx_DFP\1.0.5\Device\StdPeriph_Driver\src\stm32f10x_adc.c">
      <Filter>源文件\::Device</Filter>
    </ClCompile>
    <ClCompile Include="D:\Program%20Files\Keil_v5\ARM\PACK\Keil\STM32F1xx_DFP\1.0.5\Device\StdPeriph_Driver\src\stm32f10x_cec.c">
      <Filter>源文件\::Device</Filter>
    </ClCompile>
    <ClCompile Include="D:\Program%20Files\Keil_v5\ARM\PACK\Keil\STM32F1xx_DFP\1.0.5\Device\StdPeriph_Driver\src\stm32f10x_dac.c">
      <Filter>源文件\::Device</Filter>
    </ClCompile>
    <ClCompile Include="D:\Program%20Files\Keil_v5\ARM\PACK\Keil\STM32F1xx_DFP\1.0.5\Device\StdPeriph_Driver\src\stm32f10x_dbgmcu.c">
      <Filter>源文件\::Device</Filter>
    </ClCompile>
    <ClCompile Include="D:\Program%20Files\Keil_v5\ARM\PACK\Keil\STM32F1xx_DFP\1.0.5\Device\StdPeriph_Driver\src\stm32f10x_exti.c">
      <Filter>源文件\::Device</Filter>
    </ClCompile>
    <ClCompile Include="D:\Program%20Files\Keil_v5\ARM\PACK\Keil\STM32F1xx_DFP\1.0.5\Device\StdPeriph_Driver\src\stm32f10x_flash.c">
      <Filter>源文件\::Device</Filter>
    </ClCompile>
    <ClCompile Include="D:\Program%20Files\Keil_v5\ARM\PACK\Keil\STM32F1xx_DFP\1.0.5\Device\StdPeriph_Driver\src\stm32f10x_fsmc.c">
      <Filter>源文件\::Device</Filter>
    </ClCompile>
    <ClCompile Include="D:\Program%20Files\Keil_v5\ARM\PACK\Keil\STM32F1xx_DFP\1.0.5\Device\StdPeriph_Driver\src\stm32f10x_i2c.c">
      <Filter>源文件\::Device</Filter>
    </ClCompile>
    <ClCompile Include="D:\Program%20Files\Keil_v5\ARM\PACK\Keil\STM32F1xx_DFP\1.0.5\Device\StdPeriph_Driver\src\stm32f10x_iwdg.c">
      <Filter>源文件\::Device</Filter>
    </ClCompile>
    <ClCompile Include="D:\Program%20Files\Keil_v5\ARM\PACK\Keil\STM32F1xx_DFP\1.0.5\Device\StdPeriph_Driver\src\stm32f10x_sdio.c">
      <Filter>源文件\::Device</Filter>
    </ClCompile>
  </ItemGroup>
  <ItemGroup>
    <None Include="..\Source\LCD12864\LCD12864P\LCD12864P.C">
      <Filter>源文件\LCD12864</Filter>
    </None>
    <None Include="..\Source\LCD12864\LCD12864P\LCD12864P_main.C">
      <Filter>源文件\LCD12864</Filter>
    </None>
    <None Include="..\UV\RTE\Device\STM32F103VE\RTE_Device.h">
      <Filter>源文件\::Device</Filter>
    </None>
    <None Include="..\UV\RTE\Device\STM32F103VE\startup_stm32f10x_hd.s">
      <Filter>源文件\::Device</Filter>
    </None>
    <None Include="..\UV\RTE\Device\STM32F103VE\stm32f10x_conf.h">
      <Filter>源文件\::Device</Filter>
    </None>
    <None Include="Readme.txt">
      <Filter>项目说明\</Filter>
    </None>
  </ItemGroup>
</Project>