<?xml version="1.0" encoding="utf-8"?>
<Project DefaultTargets="Build" ToolsVersion="4.0" xmlns="http://schemas.microsoft.com/developer/msbuild/2003">
  <ItemGroup>
    <Filter Include="源文件">
      <UniqueIdentifier>{a991b131-7f7a-4fd2-8808-37d6ae398ce3}</UniqueIdentifier>
      <Extensions>cpp;c;cc;cxx;def;odl;idl;hpj;bat;asm;asmx</Extensions>
    </Filter>
    <Filter Include="头文件">
      <UniqueIdentifier>{5eaf0ebc-3886-4525-94b0-832cd7cb24c0}</UniqueIdentifier>
      <Extensions>h;hpp;hxx;hm;inl;inc;xsd</Extensions>
    </Filter>
    <Filter Include="项目说明">
      <UniqueIdentifier>{a4ed7533-3b35-42fe-a9fa-a38037659f6f}</UniqueIdentifier>
      <Extensions>txt</Extensions>
    </Filter>
    <Filter Include="源文件\Source">
      <UniqueIdentifier>{1600ab60-ed42-40ee-bde1-b261292f84b5}</UniqueIdentifier>
    </Filter>
    <Filter Include="源文件\W5500">
      <UniqueIdentifier>{bc6b8dbf-3326-42ed-b3b3-251b0198d85a}</UniqueIdentifier>
    </Filter>
    <Filter Include="源文件\System">
      <UniqueIdentifier>{4b2d8ef4-da3a-4c4e-803a-c13d64a875f7}</UniqueIdentifier>
    </Filter>
    <Filter Include="源文件\LCD12864">
      <UniqueIdentifier>{b1fe8101-45b0-4dd2-b7ab-fc1d55a5d914}</UniqueIdentifier>
    </Filter>
    <Filter Include="源文件\LED">
      <UniqueIdentifier>{fa1aeb34-c9b1-43f4-94e2-715bb566dda2}</UniqueIdentifier>
    </Filter>
    <Filter Include="源文件\::CMSIS">
      <UniqueIdentifier>{d2974af9-ad7e-49dc-8cbd-cc63455f715c}</UniqueIdentifier>
    </Filter>
    <Filter Include="源文件\::Device">
      <UniqueIdentifier>{d403f5c1-149f-4d2d-ab96-7cbfaede3c17}</UniqueIdentifier>
    </Filter>
  </ItemGroup>
  <ItemGroup>
    <ClCompile Include="..\Source\Retarget.c">
      <Filter>源文件\Source</Filter>
    </ClCompile>
    <ClCompile Include="..\Source\stm32f10x_it.c">
      <Filter>源文件\Source</Filter>
    </ClCompile>
    <ClCompile Include="..\Source\Main.c">
      <Filter>源文件\Source</Filter>
    </ClCompile>
    <ClCompile Include="..\Source\W5500\Ethernet.c">
      <Filter>源文件\W5500</Filter>
    </ClCompile>
    <ClCompile Include="..\Source\W5500\Ethernet\socket.c">
      <Filter>源文件\W5500</Filter>
    </ClCompile>
    <ClCompile Include="..\Source\W5500\Ethernet\wizchip_conf.c">
      <Filter>源文件\W5500</Filter>
    </ClCompile>
    <ClCompile Include="..\Source\W5500\Ethernet\W5500\w5500.c">
      <Filter>源文件\W5500</Filter>
    </ClCompile>
    <ClCompile Include="..\Source\W5500\Platform\dma_w5500.c">
      <Filter>源文件\W5500</Filter>
    </ClCompile>
    <ClCompile Include="..\Source\W5500\Platform\gpio_w5500.c">
      <Filter>源文件\W5500</Filter>
    </ClCompile>
    <ClCompile Include="..\Source\W5500\Platform\spi_w5500.c">
      <Filter>源文件\W5500</Filter>
    </ClCompile>
    <ClCompile Include="..\Source\W5500\Platform\uart_w5500.c">
      <Filter>源文件\W5500</Filter>
    </ClCompile>
    <ClCompile Include="..\Source\W5500\Platform\timer_w5500.c">
      <Filter>源文件\W5500</Filter>
    </ClCompile>
    <ClCompile Include="..\Source\W5500\Application\loopback_server.c">
      <Filter>源文件\W5500</Filter>
    </ClCompile>
    <ClCompile Include="..\Source\W5500\Application\loopback_client.c">
      <Filter>源文件\W5500</Filter>
    </ClCompile>
    <ClCompile Include="..\Source\W5500\Application\Buffer\PfmBuffer\pfmBuffer.c">
      <Filter>源文件\W5500</Filter>
    </ClCompile>
    <ClCompile Include="..\Source\W5500\Application\Application.c">
      <Filter>源文件\W5500</Filter>
    </ClCompile>
    <ClCompile Include="..\Source\System\Usart\usart1.c">
      <Filter>源文件\System</Filter>
    </ClCompile>
    <ClCompile Include="..\Source\System\DMA.c">
      <Filter>源文件\System</Filter>
    </ClCompile>
    <ClCompile Include="..\Source\System\NVIC.c">
      <Filter>源文件\System</Filter>
    </ClCompile>
    <ClCompile Include="..\Source\System\RCC.c">
      <Filter>源文件\System</Filter>
    </ClCompile>
    <ClCompile Include="..\Source\System\Malloc\malloc.c">
      <Filter>源文件\System</Filter>
    </ClCompile>
    <ClCompile Include="..\Source\System\Delay\SysTick.c">
      <Filter>源文件\System</Filter>
    </ClCompile>
    <ClCompile Include="..\Source\System\SPI\spi2.c">
      <Filter>源文件\System</Filter>
    </ClCompile>
    <ClCompile Include="..\Source\System\Timer\timer1.c">
      <Filter>源文件\System</Filter>
    </ClCompile>
    <ClCompile Include="..\Source\System\Timer\timer2.c">
      <Filter>源文件\System</Filter>
    </ClCompile>
    <ClCompile Include="..\Source\System\Timer\timer3.c">
      <Filter>源文件\System</Filter>
    </ClCompile>
    <ClCompile Include="..\Source\System\Timer\timer4.c">
      <Filter>源文件\System</Filter>
    </ClCompile>
    <ClCompile Include="..\Source\System\SPI\spi3.c">
      <Filter>源文件\System</Filter>
    </ClCompile>
    <ClCompile Include="..\Source\System\SPI\spi1.c">
      <Filter>源文件\System</Filter>
    </ClCompile>
    <ClCompile Include="..\Source\LCD12864\LCD12864_gpio.c">
      <Filter>源文件\LCD12864</Filter>
    </ClCompile>
    <ClCompile Include="..\Source\GPIO\led.c">
      <Filter>源文件\LED</Filter>
    </ClCompile>
    <ClCompile Include="..\Source\GPIO\in.c">
      <Filter>源文件\LED</Filter>
    </ClCompile>
    <ClCompile Include="..\Source\GPIO\out.c">
      <Filter>源文件\LED</Filter>
    </ClCompile>
    <ClCompile Include="D:\Program%20Files\Keil_v5\ARM\PACK\Keil\STM32F1xx_DFP\1.0.5\Device\StdPeriph_Driver\src\misc.c">
      <Filter>源文件\::Device</Filter>
    </ClCompile>
    <ClCompile Include="D:\Program%20Files\Keil_v5\ARM\PACK\Keil\STM32F1xx_DFP\1.0.5\Device\StdPeriph_Driver\src\stm32f10x_can.c">
      <Filter>源文件\::Device</Filter>
    </ClCompile>
    <ClCompile Include="D:\Program%20Files\Keil_v5\ARM\PACK\Keil\STM32F1xx_DFP\1.0.5\Device\StdPeriph_Driver\src\stm32f10x_gpio.c">
      <Filter>源文件\::Device</Filter>
    </ClCompile>
    <ClCompile Include="D:\Program%20Files\Keil_v5\ARM\PACK\Keil\STM32F1xx_DFP\1.0.5\Device\StdPeriph_Driver\src\stm32f10x_rcc.c">
      <Filter>源文件\::Device</Filter>
    </ClCompile>
    <ClCompile Include="D:\Program%20Files\Keil_v5\ARM\PACK\Keil\STM32F1xx_DFP\1.0.5\Device\StdPeriph_Driver\src\stm32f10x_spi.c">
      <Filter>源文件\::Device</Filter>
    </ClCompile>
    <ClCompile Include="D:\Program%20Files\Keil_v5\ARM\PACK\Keil\STM32F1xx_DFP\1.0.5\Device\StdPeriph_Driver\src\stm32f10x_usart.c">
      <Filter>源文件\::Device</Filter>
    </ClCompile>
    <ClCompile Include="D:\Program%20Files\Keil_v5\ARM\PACK\Keil\STM32F1xx_DFP\1.0.5\Device\StdPeriph_Driver\src\stm32f10x_wwdg.c">
      <Filter>源文件\::Device</Filter>
    </ClCompile>
    <ClCompile Include="D:\Program%20Files\Keil_v5\ARM\PACK\Keil\STM32F1xx_DFP\1.0.5\Device\StdPeriph_Driver\src\stm32f10x_dma.c">
      <Filter>源文件\::Device</Filter>
    </ClCompile>
    <ClCompile Include="D:\Program%20Files\Keil_v5\ARM\PACK\Keil\STM32F1xx_DFP\1.0.5\Device\StdPeriph_Driver\src\stm32f10x_tim.c">
      <Filter>源文件\::Device</Filter>
    </ClCompile>
    <ClCompile Include="..\UV\RTE\Device\STM32F103VE\system_stm32f10x.c">
      <Filter>源文件\::Device</Filter>
    </ClCompile>
    <ClCompile Include="D:\Program%20Files\Keil_v5\ARM\PACK\Keil\STM32F1xx_DFP\1.0.5\Device\StdPeriph_Driver\src\stm32f10x_crc.c">
      <Filter>源文件\::Device</Filter>
    </ClCompile>
    <ClCompile Include="D:\Program%20Files\Keil_v5\ARM\PACK\Keil\STM32F1xx_DFP\1.0.5\Device\StdPeriph_Driver\src\stm32f10x_bkp.c">
      <Filter>源文件\::Device</Filter>
    </ClCompile>
    <ClCompile Include="D:\Program%20Files\Keil_v5\ARM\PACK\Keil\STM32F1xx_DFP\1.0.5\Device\StdPeriph_Driver\src\stm32f10x_pwr.c">
      <Filter>源文件\::Device</Filter>
    </ClCompile>
    <ClCompile Include="D:\Program%20Files\Keil_v5\ARM\PACK\Keil\STM32F1xx_DFP\1.0.5\Device\StdPeriph_Driver\src\stm32f10x_rtc.c">
      <Filter>源文件\::Device</Filter>
    </ClCompile>
    <ClCompile Include="..\Source\System\CRC\crc.c">
      <Filter>源文件\System</Filter>
    </ClCompile>
    <ClCompile Include="..\Source\System\CAN\can1.c">
      <Filter>源文件\System</Filter>
    </ClCompile>
  </ItemGroup>
  <ItemGroup>
    <None Include="..\Source\LCD12864\LCD12864P\LCD12864P.C">
      <Filter>源文件\LCD12864</Filter>
    </None>
    <None Include="..\Source\LCD12864\LCD12864P\LCD12864P_main.C">
      <Filter>源文件\LCD12864</Filter>
    </None>
    <None Include="..\UV\RTE\Device\STM32F103VE\RTE_Device.h">
      <Filter>源文件\::Device</Filter>
    </None>
    <None Include="..\UV\RTE\Device\STM32F103VE\startup_stm32f10x_hd.s">
      <Filter>源文件\::Device</Filter>
    </None>
    <None Include="..\UV\RTE\Device\STM32F103VE\stm32f10x_conf.h">
      <Filter>源文件\::Device</Filter>
    </None>
    <None Include="Readme.txt">
      <Filter>项目说明</Filter>
    </None>
  </ItemGroup>
</Project>